<?xml version="1.0" encoding="utf-8"?>
<Project ToolsVersion="4.0" xmlns="http://schemas.microsoft.com/developer/msbuild/2003">
  <ItemGroup>
    <ClCompile Include="test.cpp" />
    <ClCompile Include="pch.cpp">
      <Filter>pch</Filter>
    </ClCompile>
    <ClCompile Include="gtest_mem_main.cpp" />
    <ClCompile Include="Test_simple.cpp" />
  </ItemGroup>
  <ItemGroup>
    <ClInclude Include="pch.h">
      <Filter>pch</Filter>
    </ClInclude>
    <ClInclude Include="data.hpp" />
  </ItemGroup>
  <ItemGroup>
    <Filter Include="pch">
      <UniqueIdentifier>{9b5c951e-7cd8-4ad8-93b1-949df176e624}</UniqueIdentifier>
    </Filter>
  </ItemGroup>
</Project>